{
    "_meta": {
        "hash": {
            "sha256": "fac556e49851db33b2d005ff74b24bff2dc1eaeb16b0bad0e23cf3521cffd9cc"
        },
        "pipfile-spec": 6,
        "requires": {
            "python_full_version": "3.12.3",
            "python_version": "3.12"
        },
        "sources": [
            {
                "name": "pypi",
                "url": "https://pypi.org/simple",
                "verify_ssl": true
            }
        ]
    },
    "default": {
        "altgraph": {
            "hashes": [
                "sha256:1b5afbb98f6c4dcadb2e2ae6ab9fa994bbb8c1d75f4fa96d340f9437ae454406",
                "sha256:642743b4750de17e655e6711601b077bc6598dbfa3ba5fa2b2a35ce12b508dff"
            ],
            "version": "==0.17.4"
        },
        "cffi": {
            "hashes": [
                "sha256:045d61c734659cc045141be4bae381a41d89b741f795af1dd018bfb532fd0df8",
                "sha256:0984a4925a435b1da406122d4d7968dd861c1385afe3b45ba82b750f229811e2",
                "sha256:0e2b1fac190ae3ebfe37b979cc1ce69c81f4e4fe5746bb401dca63a9062cdaf1",
                "sha256:0f048dcf80db46f0098ccac01132761580d28e28bc0f78ae0d58048063317e15",
                "sha256:1257bdabf294dceb59f5e70c64a3e2f462c30c7ad68092d01bbbfb1c16b1ba36",
                "sha256:1c39c6016c32bc48dd54561950ebd6836e1670f2ae46128f67cf49e789c52824",
                "sha256:1d599671f396c4723d016dbddb72fe8e0397082b0a77a4fab8028923bec050e8",
                "sha256:28b16024becceed8c6dfbc75629e27788d8a3f9030691a1dbf9821a128b22c36",
                "sha256:2bb1a08b8008b281856e5971307cc386a8e9c5b625ac297e853d36da6efe9c17",
                "sha256:30c5e0cb5ae493c04c8b42916e52ca38079f1b235c2f8ae5f4527b963c401caf",
                "sha256:31000ec67d4221a71bd3f67df918b1f88f676f1c3b535a7eb473255fdc0b83fc",
                "sha256:386c8bf53c502fff58903061338ce4f4950cbdcb23e2902d86c0f722b786bbe3",
                "sha256:3edc8d958eb099c634dace3c7e16560ae474aa3803a5df240542b305d14e14ed",
                "sha256:45398b671ac6d70e67da8e4224a065cec6a93541bb7aebe1b198a61b58c7b702",
                "sha256:46bf43160c1a35f7ec506d254e5c890f3c03648a4dbac12d624e4490a7046cd1",
                "sha256:4ceb10419a9adf4460ea14cfd6bc43d08701f0835e979bf821052f1805850fe8",
                "sha256:51392eae71afec0d0c8fb1a53b204dbb3bcabcb3c9b807eedf3e1e6ccf2de903",
                "sha256:5da5719280082ac6bd9aa7becb3938dc9f9cbd57fac7d2871717b1feb0902ab6",
                "sha256:610faea79c43e44c71e1ec53a554553fa22321b65fae24889706c0a84d4ad86d",
                "sha256:636062ea65bd0195bc012fea9321aca499c0504409f413dc88af450b57ffd03b",
                "sha256:6883e737d7d9e4899a8a695e00ec36bd4e5e4f18fabe0aca0efe0a4b44cdb13e",
                "sha256:6b8b4a92e1c65048ff98cfe1f735ef8f1ceb72e3d5f0c25fdb12087a23da22be",
                "sha256:6f17be4345073b0a7b8ea599688f692ac3ef23ce28e5df79c04de519dbc4912c",
                "sha256:706510fe141c86a69c8ddc029c7910003a17353970cff3b904ff0686a5927683",
                "sha256:72e72408cad3d5419375fc87d289076ee319835bdfa2caad331e377589aebba9",
                "sha256:733e99bc2df47476e3848417c5a4540522f234dfd4ef3ab7fafdf555b082ec0c",
                "sha256:7596d6620d3fa590f677e9ee430df2958d2d6d6de2feeae5b20e82c00b76fbf8",
                "sha256:78122be759c3f8a014ce010908ae03364d00a1f81ab5c7f4a7a5120607ea56e1",
                "sha256:805b4371bf7197c329fcb3ead37e710d1bca9da5d583f5073b799d5c5bd1eee4",
                "sha256:85a950a4ac9c359340d5963966e3e0a94a676bd6245a4b55bc43949eee26a655",
                "sha256:8f2cdc858323644ab277e9bb925ad72ae0e67f69e804f4898c070998d50b1a67",
                "sha256:9755e4345d1ec879e3849e62222a18c7174d65a6a92d5b346b1863912168b595",
                "sha256:98e3969bcff97cae1b2def8ba499ea3d6f31ddfdb7635374834cf89a1a08ecf0",
                "sha256:a08d7e755f8ed21095a310a693525137cfe756ce62d066e53f502a83dc550f65",
                "sha256:a1ed2dd2972641495a3ec98445e09766f077aee98a1c896dcb4ad0d303628e41",
                "sha256:a24ed04c8ffd54b0729c07cee15a81d964e6fee0e3d4d342a27b020d22959dc6",
                "sha256:a45e3c6913c5b87b3ff120dcdc03f6131fa0065027d0ed7ee6190736a74cd401",
                "sha256:a9b15d491f3ad5d692e11f6b71f7857e7835eb677955c00cc0aefcd0669adaf6",
                "sha256:ad9413ccdeda48c5afdae7e4fa2192157e991ff761e7ab8fdd8926f40b160cc3",
                "sha256:b2ab587605f4ba0bf81dc0cb08a41bd1c0a5906bd59243d56bad7668a6fc6c16",
                "sha256:b62ce867176a75d03a665bad002af8e6d54644fad99a3c70905c543130e39d93",
                "sha256:c03e868a0b3bc35839ba98e74211ed2b05d2119be4e8a0f224fba9384f1fe02e",
                "sha256:c59d6e989d07460165cc5ad3c61f9fd8f1b4796eacbd81cee78957842b834af4",
                "sha256:c7eac2ef9b63c79431bc4b25f1cd649d7f061a28808cbc6c47b534bd789ef964",
                "sha256:c9c3d058ebabb74db66e431095118094d06abf53284d9c81f27300d0e0d8bc7c",
                "sha256:ca74b8dbe6e8e8263c0ffd60277de77dcee6c837a3d0881d8c1ead7268c9e576",
                "sha256:caaf0640ef5f5517f49bc275eca1406b0ffa6aa184892812030f04c2abf589a0",
                "sha256:cdf5ce3acdfd1661132f2a9c19cac174758dc2352bfe37d98aa7512c6b7178b3",
                "sha256:d016c76bdd850f3c626af19b0542c9677ba156e4ee4fccfdd7848803533ef662",
                "sha256:d01b12eeeb4427d3110de311e1774046ad344f5b1a7403101878976ecd7a10f3",
                "sha256:d63afe322132c194cf832bfec0dc69a99fb9bb6bbd550f161a49e9e855cc78ff",
                "sha256:da95af8214998d77a98cc14e3a3bd00aa191526343078b530ceb0bd710fb48a5",
                "sha256:dd398dbc6773384a17fe0d3e7eeb8d1a21c2200473ee6806bb5e6a8e62bb73dd",
                "sha256:de2ea4b5833625383e464549fec1bc395c1bdeeb5f25c4a3a82b5a8c756ec22f",
                "sha256:de55b766c7aa2e2a3092c51e0483d700341182f08e67c63630d5b6f200bb28e5",
                "sha256:df8b1c11f177bc2313ec4b2d46baec87a5f3e71fc8b45dab2ee7cae86d9aba14",
                "sha256:e03eab0a8677fa80d646b5ddece1cbeaf556c313dcfac435ba11f107ba117b5d",
                "sha256:e221cf152cff04059d011ee126477f0d9588303eb57e88923578ace7baad17f9",
                "sha256:e31ae45bc2e29f6b2abd0de1cc3b9d5205aa847cafaecb8af1476a609a2f6eb7",
                "sha256:edae79245293e15384b51f88b00613ba9f7198016a5948b5dddf4917d4d26382",
                "sha256:f1e22e8c4419538cb197e4dd60acc919d7696e5ef98ee4da4e01d3f8cfa4cc5a",
                "sha256:f3a2b4222ce6b60e2e8b337bb9596923045681d71e5a082783484d845390938e",
                "sha256:f6a16c31041f09ead72d69f583767292f750d24913dadacf5756b966aacb3f1a",
                "sha256:f75c7ab1f9e4aca5414ed4d8e5c0e303a34f4421f8a0d47a4d019ceff0ab6af4",
                "sha256:f79fc4fc25f1c8698ff97788206bb3c2598949bfe0fef03d299eb1b5356ada99",
                "sha256:f7f5baafcc48261359e14bcd6d9bff6d4b28d9103847c9e136694cb0501aef87",
                "sha256:fc48c783f9c87e60831201f2cce7f3b2e4846bf4d8728eabe54d60700b318a0b"
            ],
            "markers": "python_version >= '3.8'",
            "version": "==1.17.1"
        },
        "importlib": {
            "hashes": [
                "sha256:b6ee7066fea66e35f8d0acee24d98006de1a0a8a94a8ce6efe73a9a23c8d9826"
            ],
            "index": "pypi",
            "version": "==1.0.4"
        },
        "numpy": {
            "hashes": [
                "sha256:0255732338c4fdd00996c0421884ea8a3651eea555c3a56b84892b66f696eb70",
                "sha256:02f226baeefa68f7d579e213d0f3493496397d8f1cff5e2b222af274c86a552a",
                "sha256:059b51b658f4414fff78c6d7b1b4e18283ab5fa56d270ff212d5ba0c561846f4",
                "sha256:0bcb1d057b7571334139129b7f941588f69ce7c4ed15a9d6162b2ea54ded700c",
                "sha256:0cd48122a6b7eab8f06404805b1bd5856200e3ed6f8a1b9a194f9d9054631beb",
                "sha256:19f4718c9012e3baea91a7dba661dcab2451cda2550678dc30d53acb91a7290f",
                "sha256:1a161c2c79ab30fe4501d5a2bbfe8b162490757cf90b7f05be8b80bc02f7bb8e",
                "sha256:1f4a922da1729f4c40932b2af4fe84909c7a6e167e6e99f71838ce3a29f3fe26",
                "sha256:261a1ef047751bb02f29dfe337230b5882b54521ca121fc7f62668133cb119c9",
                "sha256:262d23f383170f99cd9191a7c85b9a50970fe9069b2f8ab5d786eca8a675d60b",
                "sha256:2ba321813a00e508d5421104464510cc962a6f791aa2fca1c97b1e65027da80d",
                "sha256:2c1a1c6ccce4022383583a6ded7bbcda22fc635eb4eb1e0a053336425ed36dfa",
                "sha256:352d330048c055ea6db701130abc48a21bec690a8d38f8284e00fab256dc1376",
                "sha256:369e0d4647c17c9363244f3468f2227d557a74b6781cb62ce57cf3ef5cc7c610",
                "sha256:36ab5b23915887543441efd0417e6a3baa08634308894316f446027611b53bf1",
                "sha256:37e32e985f03c06206582a7323ef926b4e78bdaa6915095ef08070471865b906",
                "sha256:3a801fef99668f309b88640e28d261991bfad9617c27beda4a3aec4f217ea073",
                "sha256:3d14b17b9be5f9c9301f43d2e2a4886a33b53f4e6fdf9ca2f4cc60aeeee76372",
                "sha256:422cc684f17bc963da5f59a31530b3936f57c95a29743056ef7a7903a5dbdf88",
                "sha256:4520caa3807c1ceb005d125a75e715567806fed67e315cea619d5ec6e75a4191",
                "sha256:47834cde750d3c9f4e52c6ca28a7361859fcaf52695c7dc3cc1a720b8922683e",
                "sha256:47f9ed103af0bc63182609044b0490747e03bd20a67e391192dde119bf43d52f",
                "sha256:498815b96f67dc347e03b719ef49c772589fb74b8ee9ea2c37feae915ad6ebda",
                "sha256:54088a5a147ab71a8e7fdfd8c3601972751ded0739c6b696ad9cb0343e21ab73",
                "sha256:55f09e00d4dccd76b179c0f18a44f041e5332fd0e022886ba1c0bbf3ea4a18d0",
                "sha256:5a0ac90e46fdb5649ab6369d1ab6104bfe5854ab19b645bf5cda0127a13034ae",
                "sha256:6411f744f7f20081b1b4e7112e0f4c9c5b08f94b9f086e6f0adf3645f85d3a4d",
                "sha256:6413d48a9be53e183eb06495d8e3b006ef8f87c324af68241bbe7a39e8ff54c3",
                "sha256:7451f92eddf8503c9b8aa4fe6aa7e87fd51a29c2cfc5f7dbd72efde6c65acf57",
                "sha256:8b4c0773b6ada798f51f0f8e30c054d32304ccc6e9c5d93d46cb26f3d385ab19",
                "sha256:8dfa94b6a4374e7851bbb6f35e6ded2120b752b063e6acdd3157e4d2bb922eba",
                "sha256:97c8425d4e26437e65e1d189d22dff4a079b747ff9c2788057bfb8114ce1e133",
                "sha256:9d75f338f5f79ee23548b03d801d28a505198297534f62416391857ea0479571",
                "sha256:9de6832228f617c9ef45d948ec1cd8949c482238d68b2477e6f642c33a7b0a54",
                "sha256:a4cbdef3ddf777423060c6f81b5694bad2dc9675f110c4b2a60dc0181543fac7",
                "sha256:a9c0d994680cd991b1cb772e8b297340085466a6fe964bc9d4e80f5e2f43c291",
                "sha256:aa70fdbdc3b169d69e8c59e65c07a1c9351ceb438e627f0fdcd471015cd956be",
                "sha256:abe38cd8381245a7f49967a6010e77dbf3680bd3627c0fe4362dd693b404c7f8",
                "sha256:b13f04968b46ad705f7c8a80122a42ae8f620536ea38cf4bdd374302926424dd",
                "sha256:b4ea7e1cff6784e58fe281ce7e7f05036b3e1c89c6f922a6bfbc0a7e8768adbe",
                "sha256:b6f91524d31b34f4a5fee24f5bc16dcd1491b668798b6d85585d836c1e633a6a",
                "sha256:c26843fd58f65da9491165072da2cccc372530681de481ef670dcc8e27cfb066",
                "sha256:c42365005c7a6c42436a54d28c43fe0e01ca11eb2ac3cefe796c25a5f98e5e9b",
                "sha256:c8b82a55ef86a2d8e81b63da85e55f5537d2157165be1cb2ce7cfa57b6aef38b",
                "sha256:ced69262a8278547e63409b2653b372bf4baff0870c57efa76c5703fd6543282",
                "sha256:d2e3bdadaba0e040d1e7ab39db73e0afe2c74ae277f5614dad53eadbecbbb169",
                "sha256:d403c84991b5ad291d3809bace5e85f4bbf44a04bdc9a88ed2bb1807b3360bb8",
                "sha256:d7543263084a85fbc09c704b515395398d31d6395518446237eac219eab9e55e",
                "sha256:d8882a829fd779f0f43998e931c466802a77ca1ee0fe25a3abe50278616b1471",
                "sha256:e4f0b035d9d0ed519c813ee23e0a733db81ec37d2e9503afbb6e54ccfdee0fa7",
                "sha256:e8b025c351b9f0e8b5436cf28a07fa4ac0204d67b38f01433ac7f9b870fa38c6",
                "sha256:eb7fd5b184e5d277afa9ec0ad5e4eb562ecff541e7f60e69ee69c8d59e9aeaba",
                "sha256:ec31367fd6a255dc8de4772bd1658c3e926d8e860a0b6e922b615e532d320ddc",
                "sha256:ee461a4eaab4f165b68780a6a1af95fb23a29932be7569b9fab666c407969051",
                "sha256:f5045039100ed58fa817a6227a356240ea1b9a1bc141018864c306c1a16d4175"
            ],
            "index": "pypi",
            "markers": "python_version >= '3.10'",
            "version": "==2.2.5"
        },
        "packaging": {
            "hashes": [
                "sha256:29572ef2b1f17581046b3a2227d5c611fb25ec70ca1ba8554b24b0e69331a484",
                "sha256:d443872c98d677bf60f6a1f2f8c1cb748e8fe762d2bf9d3148b5599295b0fc4f"
            ],
            "markers": "python_version >= '3.8'",
            "version": "==25.0"
        },
        "pycparser": {
            "hashes": [
                "sha256:491c8be9c040f5390f5bf44a5b07752bd07f56edf992381b05c701439eec10f6",
                "sha256:c3702b6d3dd8c7abc1afa565d7e63d53a1d0bd86cdc24edd75470f4de499cfcc"
            ],
            "markers": "python_version >= '3.8'",
            "version": "==2.22"
        },
        "pyinstaller": {
            "hashes": [
                "sha256:38911feec2c5e215e5159a7e66fdb12400168bd116143b54a8a7a37f08733456",
                "sha256:589937548d34978c568cfdc39f31cf386f45202bc27fdb8facb989c79dfb4c02",
                "sha256:80c568848529635aa7ca46d8d525f68486d53e03f68b7bb5eba2c88d742e302c",
                "sha256:8d4296236b85aae570379488c2da833b28828b17c57c2cc21fccd7e3811fe372",
                "sha256:92efcf2f09e78f07b568c5cb7ed48c9940f5dad627af4b49bede6320fab2a06e",
                "sha256:92fe7337c5aa08d42b38d7a79614492cb571489f2cb0a8f91dc9ef9ccbe01ed3",
                "sha256:9f82f113c463f012faa0e323d952ca30a6f922685d9636e754bd3a256c7ed200",
                "sha256:aa404f0b02cd57948098055e76ee190b8e65ccf7a2a3f048e5000f668317069f",
                "sha256:b7260832f7501ba1d2ce1834d4cddc0f2b94315282bc89c59333433715015447",
                "sha256:bc09795f5954135dd4486c1535650958c8218acb954f43860e4b05fb515a21c0",
                "sha256:d9f21d56ca2443aa6a1e255e7ad285c76453893a454105abe1b4d45e92bb9a20",
                "sha256:db0e7945ebe276f604eb7c36e536479556ab32853412095e19172a5ec8fca1c5"
            ],
            "index": "pypi",
            "markers": "python_version < '3.14' and python_version >= '3.8'",
            "version": "==6.13.0"
        },
        "pyinstaller-hooks-contrib": {
            "hashes": [
                "sha256:70cba46b1a6b82ae9104f074c25926e31f3dde50ff217434d1d660355b949683",
                "sha256:af129da5cd6219669fbda360e295cc822abac55b7647d03fec63a8fcf0a608cf"
            ],
            "markers": "python_version >= '3.8'",
            "version": "==2025.3"
        },
        "raylib": {
            "hashes": [
                "sha256:0365e8c578f72f598795d9377fc70342f0d62aa193c2f304ca048b3e28866752",
                "sha256:1f76204ffbc492722b571b12dbdc0dca89b10da76ddf48c12a3968d2db061dff",
                "sha256:1ffde05241c73e4de35aced3a89e50f1cc24263402cebb6efa6e8395f1c35891",
                "sha256:216456d0fa8da85c253a8596ca4b35c995bbf8af0fb8fa5244a4c6f5debfe294",
                "sha256:2242fd6079da5137e9863a447224f800adef6386ca8f59013a5d62cc5cadab2b",
                "sha256:2b5906ad30dc5498260f1ab0b4b12df1c9fac84ced1b593c9a7e10fee5d90c38",
                "sha256:2bfa9419a12eeb259f99c75c351db167968306295a5017cd4735241eaf2fa399",
                "sha256:34086acc1447bfd83faa16d31b3d12f16f5dd054043c63695af0e06553d4dfeb",
                "sha256:37eb0ec97fc6b08f989489a50e09b5dde519e1bb8eb17e4033ac82227b0e5eda",
                "sha256:39fabd1af284353c8a9ee0ed2093ecdcd8cc58e0ee01814e47c8815bf22394d3",
                "sha256:46cccc2b144ca8a3b38a9ba4db4771f3faf9bf5272e0c1c0faf92b35f714fddd",
                "sha256:4f1c33b7d2404e70dbf3dd8d71701efb24902adfcb553122bf3d9441ea4fd6f0",
                "sha256:5219be70e7fca03e9c4fddebf7e60e885d77137125c7a13f3800a947f8562a13",
                "sha256:5233c529d9a0cfd469d88239c2182e55c5215a7755d83cc3d611148d3b9c9e67",
                "sha256:52b0e9bd1ef3093461b1c27af728be0d9b30aba7bcaebf9b9be4fd9bcf15fdc0",
                "sha256:60c3c816afd8964820ae9f358b97d6b5602b1c396f813841a5ffcf1a3a6e184c",
                "sha256:67cb27dbf218ee4f032e016ddbfa2bb9058d7c920a1ff0c8799b2addf162d190",
                "sha256:6b60c97a9f6cfaeef4f59ff162ea29f02c18282d129edebb62f132b2ad6bb935",
                "sha256:70aa8bed67875a8cf25191f35263ef92d646bdfcb1f507915c81562a321f4931",
                "sha256:77b92e230a69d4f7065da2173f8e35bf4709f18e48fb44726db1b21b1c065e6a",
                "sha256:83c108ae3b4af40b53c93d1de2afbe309e986dd5efeb280ebe2e61c79956edb0",
                "sha256:8cd3e6cfad35c5fe27d7543bc2253f955ae589d0178a65eadc8b81f0457e07c5",
                "sha256:9be529fcee9a669bce84d08580e36949b392e6c8ada2e39537f638839437054e",
                "sha256:9fc11a4566e44a2ef77b9f0e8a7dd3180fb6f663a312761355785e8e4edba779",
                "sha256:a8e28a1fbe01da0447781bcd7ec558109e37b13c7a0d8040fba7fff6055f9b8a",
                "sha256:b40234bbad9523fd6a2049640c76a98b4d6f0b8f4bd19bd33eaee55faf5e050d",
                "sha256:bb9e506ecd3dbec6dba868eb036269837a8bde68220690842c3238239ee887ef",
                "sha256:bc45fe1c0aac50aa319a9a66d44bb2bd0dcd038a44d95978191ae7bfeb4a06d8",
                "sha256:c683f05f4ac31842e45396ef1c2550f9da708fa4791f62c38fec5ca7d6e4918d",
                "sha256:db5158e2d6a583b168c46ab78a43f65b6028ad5c42d7ead4487388e44a9497df",
                "sha256:e475a40764c9f83f9e66406bd86d85587eb923329a61ade463c3c59e1e880b16",
                "sha256:f12da578a28da7f48481f46323e5aab8dd25461982b0e80d045782d6e69649f5",
                "sha256:f8cc2e39f1d6b29211a97ec0ac818a5b04c43a40e747e4b4622101d48c711f9e",
                "sha256:fcac9910b7063c088a969c766ca8bd99504584d332cc41a63a1351f62780a8f0"
            ],
            "index": "pypi",
            "version": "==5.5.0.2"
        },
        "setuptools": {
            "hashes": [
                "sha256:128ce7b8f33c3079fd1b067ecbb4051a66e8526e7b65f6cec075dfc650ddfa88",
                "sha256:e147c0549f27767ba362f9da434eab9c5dc0045d5304feb602a0af001089fc51"
            ],
            "markers": "python_version >= '3.9'",
            "version": "==79.0.1"
        }
    },
    "develop": {}
}
